
Microsoft Visual Studio Solution File, Format Version 12.00
# Visual Studio Version 17
VisualStudioVersion = 17.5.002.0
MinimumVisualStudioVersion = 10.0.40219.1
Project("{2150E333-8FDC-42A3-9474-1A3956D46DE8}") = "ClassAndObjects", "ClassAndObjects", "{B309FE9E-2E92-4ED3-8A6D-7CCAED3AFD7A}"
EndProject
Project("{9A19103F-16F7-4668-BE54-9A1E7A4F7556}") = "Lesson1", "ClassAndObjects\Lesson1\Lesson1.csproj", "{93169CAE-5649-4EA2-B83E-8CEE3DCA1E6B}"
EndProject
Project("{2150E333-8FDC-42A3-9474-1A3956D46DE8}") = "Encapsulation", "Encapsulation", "{1F024DBA-194B-40E6-9FA0-C842EE6E60F7}"
EndProject
Project("{FAE04EC0-301F-11D3-BF4B-00C04F79EFBC}") = "Properties", "Encapsulation\Properties\Properties.csproj", "{E74B6BE2-EB9E-4AD8-9179-ADDCB45599B1}"
EndProject
Global
	GlobalSection(SolutionConfigurationPlatforms) = preSolution
		Debug|Any CPU = Debug|Any CPU
		Release|Any CPU = Release|Any CPU
	EndGlobalSection
	GlobalSection(ProjectConfigurationPlatforms) = postSolution
		{93169CAE-5649-4EA2-B83E-8CEE3DCA1E6B}.Debug|Any CPU.ActiveCfg = Debug|Any CPU
		{93169CAE-5649-4EA2-B83E-8CEE3DCA1E6B}.Debug|Any CPU.Build.0 = Debug|Any CPU
		{93169CAE-5649-4EA2-B83E-8CEE3DCA1E6B}.Release|Any CPU.ActiveCfg = Release|Any CPU
		{93169CAE-5649-4EA2-B83E-8CEE3DCA1E6B}.Release|Any CPU.Build.0 = Release|Any CPU
		{E74B6BE2-EB9E-4AD8-9179-ADDCB45599B1}.Debug|Any CPU.ActiveCfg = Debug|Any CPU
		{E74B6BE2-EB9E-4AD8-9179-ADDCB45599B1}.Debug|Any CPU.Build.0 = Debug|Any CPU
		{E74B6BE2-EB9E-4AD8-9179-ADDCB45599B1}.Release|Any CPU.ActiveCfg = Release|Any CPU
		{E74B6BE2-EB9E-4AD8-9179-ADDCB45599B1}.Release|Any CPU.Build.0 = Release|Any CPU
	EndGlobalSection
	GlobalSection(SolutionProperties) = preSolution
		HideSolutionNode = FALSE
	EndGlobalSection
	GlobalSection(NestedProjects) = preSolution
		{93169CAE-5649-4EA2-B83E-8CEE3DCA1E6B} = {B309FE9E-2E92-4ED3-8A6D-7CCAED3AFD7A}
		{E74B6BE2-EB9E-4AD8-9179-ADDCB45599B1} = {1F024DBA-194B-40E6-9FA0-C842EE6E60F7}
	EndGlobalSection
	GlobalSection(ExtensibilityGlobals) = postSolution
		SolutionGuid = {82695A74-7BD6-40C0-ACA7-D932B8814A6F}
	EndGlobalSection
EndGlobal
